
Microsoft Visual Studio Solution File, Format Version 12.00
# Visual Studio 15
VisualStudioVersion = 15.0.28010.2036
MinimumVisualStudioVersion = 10.0.40219.1
Project("{FAE04EC0-301F-11D3-BF4B-00C04F79EFBC}") = "Lab_3_client", "Lab_3_client\Lab_3_client.csproj", "{C79120A2-DC5F-4B51-BB25-FD7353C7AE89}"
EndProject
Global
	GlobalSection(SolutionConfigurationPlatforms) = preSolution
		Debug|Any CPU = Debug|Any CPU
		Release|Any CPU = Release|Any CPU
	EndGlobalSection
	GlobalSection(ProjectConfigurationPlatforms) = postSolution
		{C79120A2-DC5F-4B51-BB25-FD7353C7AE89}.Debug|Any CPU.ActiveCfg = Debug|Any CPU
		{C79120A2-DC5F-4B51-BB25-FD7353C7AE89}.Debug|Any CPU.Build.0 = Debug|Any CPU
		{C79120A2-DC5F-4B51-BB25-FD7353C7AE89}.Release|Any CPU.ActiveCfg = Release|Any CPU
		{C79120A2-DC5F-4B51-BB25-FD7353C7AE89}.Release|Any CPU.Build.0 = Release|Any CPU
	EndGlobalSection
	GlobalSection(SolutionProperties) = preSolution
		HideSolutionNode = FALSE
	EndGlobalSection
	GlobalSection(ExtensibilityGlobals) = postSolution
		SolutionGuid = {84E703CC-A5A8-4B6E-81FC-CEE8A7156496}
	EndGlobalSection
EndGlobal
