
Microsoft Visual Studio Solution File, Format Version 12.00
# Visual Studio 15
VisualStudioVersion = 15.0.28010.2036
MinimumVisualStudioVersion = 10.0.40219.1
Project("{FAE04EC0-301F-11D3-BF4B-00C04F79EFBC}") = "Lab_3_server", "Lab_3_server\Lab_3_server.csproj", "{AD266520-27D4-4FEB-B63E-1026834220AB}"
EndProject
Global
	GlobalSection(SolutionConfigurationPlatforms) = preSolution
		Debug|Any CPU = Debug|Any CPU
		Release|Any CPU = Release|Any CPU
	EndGlobalSection
	GlobalSection(ProjectConfigurationPlatforms) = postSolution
		{AD266520-27D4-4FEB-B63E-1026834220AB}.Debug|Any CPU.ActiveCfg = Debug|Any CPU
		{AD266520-27D4-4FEB-B63E-1026834220AB}.Debug|Any CPU.Build.0 = Debug|Any CPU
		{AD266520-27D4-4FEB-B63E-1026834220AB}.Release|Any CPU.ActiveCfg = Release|Any CPU
		{AD266520-27D4-4FEB-B63E-1026834220AB}.Release|Any CPU.Build.0 = Release|Any CPU
	EndGlobalSection
	GlobalSection(SolutionProperties) = preSolution
		HideSolutionNode = FALSE
	EndGlobalSection
	GlobalSection(ExtensibilityGlobals) = postSolution
		SolutionGuid = {F74CAA47-73BC-4922-9369-8D02555BCA0C}
	EndGlobalSection
EndGlobal
